
Microsoft Visual Studio Solution File, Format Version 12.00
# Visual Studio Version 16
VisualStudioVersion = 16.0.31702.278
MinimumVisualStudioVersion = 10.0.40219.1
Project("{159641D6-6404-4A2A-AE62-294DE0FE8301}") = "IntegrationExperiment", "IntegrationExperiment\IntegrationExperiment.dtproj", "{EC7BFCAB-BCB6-407D-A8AF-188AA2A99C1F}"
EndProject
Project("{2150E333-8FDC-42A3-9474-1A3956D46DE8}") = "SQL Scripts Reference", "SQL Scripts Reference", "{78551B95-C61A-497A-A8EB-A953EAC29C22}"
	ProjectSection(SolutionItems) = preProject
		ProcutName_SCD_Type1.sql = ProcutName_SCD_Type1.sql
	EndProjectSection
EndProject
Global
	GlobalSection(SolutionConfigurationPlatforms) = preSolution
		Development|Default = Development|Default
	EndGlobalSection
	GlobalSection(ProjectConfigurationPlatforms) = postSolution
		{EC7BFCAB-BCB6-407D-A8AF-188AA2A99C1F}.Development|Default.ActiveCfg = Development
		{EC7BFCAB-BCB6-407D-A8AF-188AA2A99C1F}.Development|Default.Build.0 = Development
	EndGlobalSection
	GlobalSection(SolutionProperties) = preSolution
		HideSolutionNode = FALSE
	EndGlobalSection
	GlobalSection(ExtensibilityGlobals) = postSolution
		SolutionGuid = {6966FE34-A404-4C8D-B15B-449E1012D2E3}
	EndGlobalSection
EndGlobal
